// !$*UTF8*$!
{
	archiveVersion = 1;
	classes = {
	};
	objectVersion = 55;
	objects = {

/* Begin PBXBuildFile section */
		3D559BCC2DB2BF5200CFDFBD /* AppDelegate.swift in Sources */ = {isa = PBXBuildFile; fileRef = 3D559BCB2DB2BF5200CFDFBD /* AppDelegate.swift */; };
		3D559BCE2DB2BF5200CFDFBD /* SceneDelegate.swift in Sources */ = {isa = PBXBuildFile; fileRef = 3D559BCD2DB2BF5200CFDFBD /* SceneDelegate.swift */; };
		3D559BD52DB2BF5500CFDFBD /* Assets.xcassets in Resources */ = {isa = PBXBuildFile; fileRef = 3D559BD42DB2BF5500CFDFBD /* Assets.xcassets */; };
		3D559BD82DB2BF5500CFDFBD /* LaunchScreen.storyboard in Resources */ = {isa = PBXBuildFile; fileRef = 3D559BD62DB2BF5500CFDFBD /* LaunchScreen.storyboard */; };
		3D559BE82DB2C07B00CFDFBD /* Task.swift in Sources */ = {isa = PBXBuildFile; fileRef = 3D559BE72DB2C07B00CFDFBD /* Task.swift */; };
		3D559BEA2DB2C1A700CFDFBD /* TaskListProtocol.swift in Sources */ = {isa = PBXBuildFile; fileRef = 3D559BE92DB2C1A700CFDFBD /* TaskListProtocol.swift */; };
		3D559BED2DB2C36500CFDFBD /* TaskListInteractor.swift in Sources */ = {isa = PBXBuildFile; fileRef = 3D559BEC2DB2C36500CFDFBD /* TaskListInteractor.swift */; };
		3D559BEF2DB2C38800CFDFBD /* TaskListPresenter.swift in Sources */ = {isa = PBXBuildFile; fileRef = 3D559BEE2DB2C38800CFDFBD /* TaskListPresenter.swift */; };
		3D559BF12DB2C39C00CFDFBD /* TaskListRouter.swift in Sources */ = {isa = PBXBuildFile; fileRef = 3D559BF02DB2C39C00CFDFBD /* TaskListRouter.swift */; };
		3D559BF32DB2C3EE00CFDFBD /* TaskListViewController.swift in Sources */ = {isa = PBXBuildFile; fileRef = 3D559BF22DB2C3EE00CFDFBD /* TaskListViewController.swift */; };
		3D559BF72DB2CE1300CFDFBD /* SnapKit in Frameworks */ = {isa = PBXBuildFile; productRef = 3D559BF62DB2CE1300CFDFBD /* SnapKit */; };
		3D559BFB2DB2D2FF00CFDFBD /* ViewCoding.swift in Sources */ = {isa = PBXBuildFile; fileRef = 3D559BFA2DB2D2FF00CFDFBD /* ViewCoding.swift */; };
		3D559BFD2DB3435F00CFDFBD /* TaskListTableHandler.swift in Sources */ = {isa = PBXBuildFile; fileRef = 3D559BFC2DB3435F00CFDFBD /* TaskListTableHandler.swift */; };
		3D559BFF2DB344E100CFDFBD /* TaskTableViewCell.swift in Sources */ = {isa = PBXBuildFile; fileRef = 3D559BFE2DB344E100CFDFBD /* TaskTableViewCell.swift */; };
		3D559C0A2DB3508000CFDFBD /* CompletedTaskListInteractor.swift in Sources */ = {isa = PBXBuildFile; fileRef = 3D559C092DB3508000CFDFBD /* CompletedTaskListInteractor.swift */; };
		3D559C0C2DB351A400CFDFBD /* CompletedTaskListPresenter.swift in Sources */ = {isa = PBXBuildFile; fileRef = 3D559C0B2DB351A400CFDFBD /* CompletedTaskListPresenter.swift */; };
		3D559C0E2DB3534800CFDFBD /* CompletedTaskListViewController.swift in Sources */ = {isa = PBXBuildFile; fileRef = 3D559C0D2DB3534800CFDFBD /* CompletedTaskListViewController.swift */; };
		3D559C102DB3557800CFDFBD /* CompletedTaskListRouter.swift in Sources */ = {isa = PBXBuildFile; fileRef = 3D559C0F2DB3557800CFDFBD /* CompletedTaskListRouter.swift */; };
		3D7342DE2DB673F8005BF243 /* TaskRepositoryProtocol.swift in Sources */ = {isa = PBXBuildFile; fileRef = 3D7342DD2DB673F8005BF243 /* TaskRepositoryProtocol.swift */; };
		3D7342E32DB73567005BF243 /* TaskCoreData.xcdatamodeld in Sources */ = {isa = PBXBuildFile; fileRef = 3D7342E12DB73567005BF243 /* TaskCoreData.xcdatamodeld */; };
		3D7342E52DB73664005BF243 /* CoreDataStack.swift in Sources */ = {isa = PBXBuildFile; fileRef = 3D7342E42DB73664005BF243 /* CoreDataStack.swift */; };
		3D7342E72DB7370C005BF243 /* CoreDataTaskRepository.swift in Sources */ = {isa = PBXBuildFile; fileRef = 3D7342E62DB7370C005BF243 /* CoreDataTaskRepository.swift */; };
		3D7342ED2DB738A4005BF243 /* TaskEntity+Extension.swift in Sources */ = {isa = PBXBuildFile; fileRef = 3D7342EC2DB738A4005BF243 /* TaskEntity+Extension.swift */; };
/* End PBXBuildFile section */

/* Begin PBXFileReference section */
		3D559BC82DB2BF5200CFDFBD /* ToDoListVIPER.app */ = {isa = PBXFileReference; explicitFileType = wrapper.application; includeInIndex = 0; path = ToDoListVIPER.app; sourceTree = BUILT_PRODUCTS_DIR; };
		3D559BCB2DB2BF5200CFDFBD /* AppDelegate.swift */ = {isa = PBXFileReference; lastKnownFileType = sourcecode.swift; path = AppDelegate.swift; sourceTree = "<group>"; };
		3D559BCD2DB2BF5200CFDFBD /* SceneDelegate.swift */ = {isa = PBXFileReference; lastKnownFileType = sourcecode.swift; path = SceneDelegate.swift; sourceTree = "<group>"; };
		3D559BD42DB2BF5500CFDFBD /* Assets.xcassets */ = {isa = PBXFileReference; lastKnownFileType = folder.assetcatalog; path = Assets.xcassets; sourceTree = "<group>"; };
		3D559BD72DB2BF5500CFDFBD /* Base */ = {isa = PBXFileReference; lastKnownFileType = file.storyboard; name = Base; path = Base.lproj/LaunchScreen.storyboard; sourceTree = "<group>"; };
		3D559BD92DB2BF5500CFDFBD /* Info.plist */ = {isa = PBXFileReference; lastKnownFileType = text.plist.xml; path = Info.plist; sourceTree = "<group>"; };
		3D559BE72DB2C07B00CFDFBD /* Task.swift */ = {isa = PBXFileReference; lastKnownFileType = sourcecode.swift; path = Task.swift; sourceTree = "<group>"; };
		3D559BE92DB2C1A700CFDFBD /* TaskListProtocol.swift */ = {isa = PBXFileReference; lastKnownFileType = sourcecode.swift; path = TaskListProtocol.swift; sourceTree = "<group>"; };
		3D559BEC2DB2C36500CFDFBD /* TaskListInteractor.swift */ = {isa = PBXFileReference; lastKnownFileType = sourcecode.swift; path = TaskListInteractor.swift; sourceTree = "<group>"; };
		3D559BEE2DB2C38800CFDFBD /* TaskListPresenter.swift */ = {isa = PBXFileReference; lastKnownFileType = sourcecode.swift; path = TaskListPresenter.swift; sourceTree = "<group>"; };
		3D559BF02DB2C39C00CFDFBD /* TaskListRouter.swift */ = {isa = PBXFileReference; lastKnownFileType = sourcecode.swift; path = TaskListRouter.swift; sourceTree = "<group>"; };
		3D559BF22DB2C3EE00CFDFBD /* TaskListViewController.swift */ = {isa = PBXFileReference; lastKnownFileType = sourcecode.swift; path = TaskListViewController.swift; sourceTree = "<group>"; };
		3D559BFA2DB2D2FF00CFDFBD /* ViewCoding.swift */ = {isa = PBXFileReference; lastKnownFileType = sourcecode.swift; path = ViewCoding.swift; sourceTree = "<group>"; };
		3D559BFC2DB3435F00CFDFBD /* TaskListTableHandler.swift */ = {isa = PBXFileReference; lastKnownFileType = sourcecode.swift; path = TaskListTableHandler.swift; sourceTree = "<group>"; };
		3D559BFE2DB344E100CFDFBD /* TaskTableViewCell.swift */ = {isa = PBXFileReference; lastKnownFileType = sourcecode.swift; path = TaskTableViewCell.swift; sourceTree = "<group>"; };
		3D559C092DB3508000CFDFBD /* CompletedTaskListInteractor.swift */ = {isa = PBXFileReference; lastKnownFileType = sourcecode.swift; path = CompletedTaskListInteractor.swift; sourceTree = "<group>"; };
		3D559C0B2DB351A400CFDFBD /* CompletedTaskListPresenter.swift */ = {isa = PBXFileReference; lastKnownFileType = sourcecode.swift; path = CompletedTaskListPresenter.swift; sourceTree = "<group>"; };
		3D559C0D2DB3534800CFDFBD /* CompletedTaskListViewController.swift */ = {isa = PBXFileReference; lastKnownFileType = sourcecode.swift; path = CompletedTaskListViewController.swift; sourceTree = "<group>"; };
		3D559C0F2DB3557800CFDFBD /* CompletedTaskListRouter.swift */ = {isa = PBXFileReference; lastKnownFileType = sourcecode.swift; path = CompletedTaskListRouter.swift; sourceTree = "<group>"; };
		3D7342DD2DB673F8005BF243 /* TaskRepositoryProtocol.swift */ = {isa = PBXFileReference; lastKnownFileType = sourcecode.swift; path = TaskRepositoryProtocol.swift; sourceTree = "<group>"; };
		3D7342E22DB73567005BF243 /* TaskEntity.xcdatamodel */ = {isa = PBXFileReference; lastKnownFileType = wrapper.xcdatamodel; path = TaskEntity.xcdatamodel; sourceTree = "<group>"; };
		3D7342E42DB73664005BF243 /* CoreDataStack.swift */ = {isa = PBXFileReference; lastKnownFileType = sourcecode.swift; path = CoreDataStack.swift; sourceTree = "<group>"; };
		3D7342E62DB7370C005BF243 /* CoreDataTaskRepository.swift */ = {isa = PBXFileReference; lastKnownFileType = sourcecode.swift; path = CoreDataTaskRepository.swift; sourceTree = "<group>"; };
		3D7342EC2DB738A4005BF243 /* TaskEntity+Extension.swift */ = {isa = PBXFileReference; lastKnownFileType = sourcecode.swift; path = "TaskEntity+Extension.swift"; sourceTree = "<group>"; };
/* End PBXFileReference section */

/* Begin PBXFrameworksBuildPhase section */
		3D559BC52DB2BF5200CFDFBD /* Frameworks */ = {
			isa = PBXFrameworksBuildPhase;
			buildActionMask = 2147483647;
			files = (
				3D559BF72DB2CE1300CFDFBD /* SnapKit in Frameworks */,
			);
			runOnlyForDeploymentPostprocessing = 0;
		};
/* End PBXFrameworksBuildPhase section */

/* Begin PBXGroup section */
		3D559BBF2DB2BF5200CFDFBD = {
			isa = PBXGroup;
			children = (
				3D559BCA2DB2BF5200CFDFBD /* ToDoListVIPER */,
				3D559BC92DB2BF5200CFDFBD /* Products */,
			);
			sourceTree = "<group>";
		};
		3D559BC92DB2BF5200CFDFBD /* Products */ = {
			isa = PBXGroup;
			children = (
				3D559BC82DB2BF5200CFDFBD /* ToDoListVIPER.app */,
			);
			name = Products;
			sourceTree = "<group>";
		};
		3D559BCA2DB2BF5200CFDFBD /* ToDoListVIPER */ = {
			isa = PBXGroup;
			children = (
				3D559BE12DB2BFAF00CFDFBD /* Source */,
				3D559BDF2DB2BF9400CFDFBD /* Config */,
			);
			path = ToDoListVIPER;
			sourceTree = "<group>";
		};
		3D559BDF2DB2BF9400CFDFBD /* Config */ = {
			isa = PBXGroup;
			children = (
				3D559BCB2DB2BF5200CFDFBD /* AppDelegate.swift */,
				3D559BCD2DB2BF5200CFDFBD /* SceneDelegate.swift */,
				3D7342E12DB73567005BF243 /* TaskCoreData.xcdatamodeld */,
				3D559BD42DB2BF5500CFDFBD /* Assets.xcassets */,
				3D559BD62DB2BF5500CFDFBD /* LaunchScreen.storyboard */,
				3D559BD92DB2BF5500CFDFBD /* Info.plist */,
			);
			name = Config;
			sourceTree = "<group>";
		};
		3D559BE12DB2BFAF00CFDFBD /* Source */ = {
			isa = PBXGroup;
			children = (
				3D7342EF2DB740ED005BF243 /* ViewCoding */,
				3D7342EE2DB73F20005BF243 /* CoreData */,
				3D559C042DB3502700CFDFBD /* CompletedTaskList */,
				3D559BEB2DB2C26300CFDFBD /* TaskList */,
				3D7342DD2DB673F8005BF243 /* TaskRepositoryProtocol.swift */,
				3D559BE92DB2C1A700CFDFBD /* TaskListProtocol.swift */,
			);
			path = Source;
			sourceTree = "<group>";
		};
		3D559BE22DB2BFF300CFDFBD /* Entity */ = {
			isa = PBXGroup;
			children = (
				3D559BE72DB2C07B00CFDFBD /* Task.swift */,
			);
			path = Entity;
			sourceTree = "<group>";
		};
		3D559BE32DB2BFFA00CFDFBD /* Interactor */ = {
			isa = PBXGroup;
			children = (
				3D559BEC2DB2C36500CFDFBD /* TaskListInteractor.swift */,
			);
			path = Interactor;
			sourceTree = "<group>";
		};
		3D559BE42DB2C00A00CFDFBD /* Presenter */ = {
			isa = PBXGroup;
			children = (
				3D559BEE2DB2C38800CFDFBD /* TaskListPresenter.swift */,
			);
			path = Presenter;
			sourceTree = "<group>";
		};
		3D559BE52DB2C01500CFDFBD /* Router */ = {
			isa = PBXGroup;
			children = (
				3D559BF02DB2C39C00CFDFBD /* TaskListRouter.swift */,
			);
			path = Router;
			sourceTree = "<group>";
		};
		3D559BE62DB2C01E00CFDFBD /* View */ = {
			isa = PBXGroup;
			children = (
				3D559BF22DB2C3EE00CFDFBD /* TaskListViewController.swift */,
				3D559BFC2DB3435F00CFDFBD /* TaskListTableHandler.swift */,
				3D559BFE2DB344E100CFDFBD /* TaskTableViewCell.swift */,
			);
			path = View;
			sourceTree = "<group>";
		};
		3D559BEB2DB2C26300CFDFBD /* TaskList */ = {
			isa = PBXGroup;
			children = (
				3D559BE22DB2BFF300CFDFBD /* Entity */,
				3D559BE32DB2BFFA00CFDFBD /* Interactor */,
				3D559BE42DB2C00A00CFDFBD /* Presenter */,
				3D559BE52DB2C01500CFDFBD /* Router */,
				3D559BE62DB2C01E00CFDFBD /* View */,
			);
			path = TaskList;
			sourceTree = "<group>";
		};
		3D559C042DB3502700CFDFBD /* CompletedTaskList */ = {
			isa = PBXGroup;
			children = (
				3D559C052DB3504400CFDFBD /* Interactor */,
				3D559C062DB3504B00CFDFBD /* Presenter */,
				3D559C072DB3505300CFDFBD /* Router */,
				3D559C082DB3505A00CFDFBD /* View */,
			);
			path = CompletedTaskList;
			sourceTree = "<group>";
		};
		3D559C052DB3504400CFDFBD /* Interactor */ = {
			isa = PBXGroup;
			children = (
				3D559C092DB3508000CFDFBD /* CompletedTaskListInteractor.swift */,
			);
			path = Interactor;
			sourceTree = "<group>";
		};
		3D559C062DB3504B00CFDFBD /* Presenter */ = {
			isa = PBXGroup;
			children = (
				3D559C0B2DB351A400CFDFBD /* CompletedTaskListPresenter.swift */,
			);
			path = Presenter;
			sourceTree = "<group>";
		};
		3D559C072DB3505300CFDFBD /* Router */ = {
			isa = PBXGroup;
			children = (
				3D559C0F2DB3557800CFDFBD /* CompletedTaskListRouter.swift */,
			);
			path = Router;
			sourceTree = "<group>";
		};
		3D559C082DB3505A00CFDFBD /* View */ = {
			isa = PBXGroup;
			children = (
				3D559C0D2DB3534800CFDFBD /* CompletedTaskListViewController.swift */,
			);
			path = View;
			sourceTree = "<group>";
		};
		3D7342EE2DB73F20005BF243 /* CoreData */ = {
			isa = PBXGroup;
			children = (
				3D7342E42DB73664005BF243 /* CoreDataStack.swift */,
				3D7342E62DB7370C005BF243 /* CoreDataTaskRepository.swift */,
				3D7342EC2DB738A4005BF243 /* TaskEntity+Extension.swift */,
			);
			path = CoreData;
			sourceTree = "<group>";
		};
		3D7342EF2DB740ED005BF243 /* ViewCoding */ = {
			isa = PBXGroup;
			children = (
				3D559BFA2DB2D2FF00CFDFBD /* ViewCoding.swift */,
			);
			path = ViewCoding;
			sourceTree = "<group>";
		};
/* End PBXGroup section */

/* Begin PBXNativeTarget section */
		3D559BC72DB2BF5200CFDFBD /* ToDoListVIPER */ = {
			isa = PBXNativeTarget;
			buildConfigurationList = 3D559BDC2DB2BF5500CFDFBD /* Build configuration list for PBXNativeTarget "ToDoListVIPER" */;
			buildPhases = (
				3D559BC42DB2BF5200CFDFBD /* Sources */,
				3D559BC52DB2BF5200CFDFBD /* Frameworks */,
				3D559BC62DB2BF5200CFDFBD /* Resources */,
			);
			buildRules = (
			);
			dependencies = (
			);
			name = ToDoListVIPER;
			packageProductDependencies = (
				3D559BF62DB2CE1300CFDFBD /* SnapKit */,
			);
			productName = ToDoListVIPER;
			productReference = 3D559BC82DB2BF5200CFDFBD /* ToDoListVIPER.app */;
			productType = "com.apple.product-type.application";
		};
/* End PBXNativeTarget section */

/* Begin PBXProject section */
		3D559BC02DB2BF5200CFDFBD /* Project object */ = {
			isa = PBXProject;
			attributes = {
				BuildIndependentTargetsInParallel = 1;
				LastSwiftUpdateCheck = 1320;
				LastUpgradeCheck = 1320;
				TargetAttributes = {
					3D559BC72DB2BF5200CFDFBD = {
						CreatedOnToolsVersion = 13.2.1;
					};
				};
			};
			buildConfigurationList = 3D559BC32DB2BF5200CFDFBD /* Build configuration list for PBXProject "ToDoListVIPER" */;
			compatibilityVersion = "Xcode 13.0";
			developmentRegion = en;
			hasScannedForEncodings = 0;
			knownRegions = (
				en,
				Base,
			);
			mainGroup = 3D559BBF2DB2BF5200CFDFBD;
			packageReferences = (
				3D559BF52DB2CE1300CFDFBD /* XCRemoteSwiftPackageReference "SnapKit" */,
			);
			productRefGroup = 3D559BC92DB2BF5200CFDFBD /* Products */;
			projectDirPath = "";
			projectRoot = "";
			targets = (
				3D559BC72DB2BF5200CFDFBD /* ToDoListVIPER */,
			);
		};
/* End PBXProject section */

/* Begin PBXResourcesBuildPhase section */
		3D559BC62DB2BF5200CFDFBD /* Resources */ = {
			isa = PBXResourcesBuildPhase;
			buildActionMask = 2147483647;
			files = (
				3D559BD82DB2BF5500CFDFBD /* LaunchScreen.storyboard in Resources */,
				3D559BD52DB2BF5500CFDFBD /* Assets.xcassets in Resources */,
			);
			runOnlyForDeploymentPostprocessing = 0;
		};
/* End PBXResourcesBuildPhase section */

/* Begin PBXSourcesBuildPhase section */
		3D559BC42DB2BF5200CFDFBD /* Sources */ = {
			isa = PBXSourcesBuildPhase;
			buildActionMask = 2147483647;
			files = (
				3D559BCC2DB2BF5200CFDFBD /* AppDelegate.swift in Sources */,
				3D559BE82DB2C07B00CFDFBD /* Task.swift in Sources */,
				3D559BFF2DB344E100CFDFBD /* TaskTableViewCell.swift in Sources */,
				3D7342ED2DB738A4005BF243 /* TaskEntity+Extension.swift in Sources */,
				3D559BFD2DB3435F00CFDFBD /* TaskListTableHandler.swift in Sources */,
				3D559C0E2DB3534800CFDFBD /* CompletedTaskListViewController.swift in Sources */,
				3D559C102DB3557800CFDFBD /* CompletedTaskListRouter.swift in Sources */,
				3D559BFB2DB2D2FF00CFDFBD /* ViewCoding.swift in Sources */,
				3D7342E52DB73664005BF243 /* CoreDataStack.swift in Sources */,
				3D7342E72DB7370C005BF243 /* CoreDataTaskRepository.swift in Sources */,
				3D559BEA2DB2C1A700CFDFBD /* TaskListProtocol.swift in Sources */,
				3D559BCE2DB2BF5200CFDFBD /* SceneDelegate.swift in Sources */,
				3D559BED2DB2C36500CFDFBD /* TaskListInteractor.swift in Sources */,
				3D559BF32DB2C3EE00CFDFBD /* TaskListViewController.swift in Sources */,
				3D559BEF2DB2C38800CFDFBD /* TaskListPresenter.swift in Sources */,
				3D7342E32DB73567005BF243 /* TaskCoreData.xcdatamodeld in Sources */,
				3D7342DE2DB673F8005BF243 /* TaskRepositoryProtocol.swift in Sources */,
				3D559C0A2DB3508000CFDFBD /* CompletedTaskListInteractor.swift in Sources */,
				3D559C0C2DB351A400CFDFBD /* CompletedTaskListPresenter.swift in Sources */,
				3D559BF12DB2C39C00CFDFBD /* TaskListRouter.swift in Sources */,
			);
			runOnlyForDeploymentPostprocessing = 0;
		};
/* End PBXSourcesBuildPhase section */

/* Begin PBXVariantGroup section */
		3D559BD62DB2BF5500CFDFBD /* LaunchScreen.storyboard */ = {
			isa = PBXVariantGroup;
			children = (
				3D559BD72DB2BF5500CFDFBD /* Base */,
			);
			name = LaunchScreen.storyboard;
			sourceTree = "<group>";
		};
/* End PBXVariantGroup section */

/* Begin XCBuildConfiguration section */
		3D559BDA2DB2BF5500CFDFBD /* Debug */ = {
			isa = XCBuildConfiguration;
			buildSettings = {
				ALWAYS_SEARCH_USER_PATHS = NO;
				CLANG_ANALYZER_NONNULL = YES;
				CLANG_ANALYZER_NUMBER_OBJECT_CONVERSION = YES_AGGRESSIVE;
				CLANG_CXX_LANGUAGE_STANDARD = "gnu++17";
				CLANG_CXX_LIBRARY = "libc++";
				CLANG_ENABLE_MODULES = YES;
				CLANG_ENABLE_OBJC_ARC = YES;
				CLANG_ENABLE_OBJC_WEAK = YES;
				CLANG_WARN_BLOCK_CAPTURE_AUTORELEASING = YES;
				CLANG_WARN_BOOL_CONVERSION = YES;
				CLANG_WARN_COMMA = YES;
				CLANG_WARN_CONSTANT_CONVERSION = YES;
				CLANG_WARN_DEPRECATED_OBJC_IMPLEMENTATIONS = YES;
				CLANG_WARN_DIRECT_OBJC_ISA_USAGE = YES_ERROR;
				CLANG_WARN_DOCUMENTATION_COMMENTS = YES;
				CLANG_WARN_EMPTY_BODY = YES;
				CLANG_WARN_ENUM_CONVERSION = YES;
				CLANG_WARN_INFINITE_RECURSION = YES;
				CLANG_WARN_INT_CONVERSION = YES;
				CLANG_WARN_NON_LITERAL_NULL_CONVERSION = YES;
				CLANG_WARN_OBJC_IMPLICIT_RETAIN_SELF = YES;
				CLANG_WARN_OBJC_LITERAL_CONVERSION = YES;
				CLANG_WARN_OBJC_ROOT_CLASS = YES_ERROR;
				CLANG_WARN_QUOTED_INCLUDE_IN_FRAMEWORK_HEADER = YES;
				CLANG_WARN_RANGE_LOOP_ANALYSIS = YES;
				CLANG_WARN_STRICT_PROTOTYPES = YES;
				CLANG_WARN_SUSPICIOUS_MOVE = YES;
				CLANG_WARN_UNGUARDED_AVAILABILITY = YES_AGGRESSIVE;
				CLANG_WARN_UNREACHABLE_CODE = YES;
				CLANG_WARN__DUPLICATE_METHOD_MATCH = YES;
				COPY_PHASE_STRIP = NO;
				DEBUG_INFORMATION_FORMAT = dwarf;
				ENABLE_STRICT_OBJC_MSGSEND = YES;
				ENABLE_TESTABILITY = YES;
				GCC_C_LANGUAGE_STANDARD = gnu11;
				GCC_DYNAMIC_NO_PIC = NO;
				GCC_NO_COMMON_BLOCKS = YES;
				GCC_OPTIMIZATION_LEVEL = 0;
				GCC_PREPROCESSOR_DEFINITIONS = (
					"DEBUG=1",
					"$(inherited)",
				);
				GCC_WARN_64_TO_32_BIT_CONVERSION = YES;
				GCC_WARN_ABOUT_RETURN_TYPE = YES_ERROR;
				GCC_WARN_UNDECLARED_SELECTOR = YES;
				GCC_WARN_UNINITIALIZED_AUTOS = YES_AGGRESSIVE;
				GCC_WARN_UNUSED_FUNCTION = YES;
				GCC_WARN_UNUSED_VARIABLE = YES;
				IPHONEOS_DEPLOYMENT_TARGET = 15.2;
				MTL_ENABLE_DEBUG_INFO = INCLUDE_SOURCE;
				MTL_FAST_MATH = YES;
				ONLY_ACTIVE_ARCH = YES;
				SDKROOT = iphoneos;
				SWIFT_ACTIVE_COMPILATION_CONDITIONS = DEBUG;
				SWIFT_OPTIMIZATION_LEVEL = "-Onone";
			};
			name = Debug;
		};
		3D559BDB2DB2BF5500CFDFBD /* Release */ = {
			isa = XCBuildConfiguration;
			buildSettings = {
				ALWAYS_SEARCH_USER_PATHS = NO;
				CLANG_ANALYZER_NONNULL = YES;
				CLANG_ANALYZER_NUMBER_OBJECT_CONVERSION = YES_AGGRESSIVE;
				CLANG_CXX_LANGUAGE_STANDARD = "gnu++17";
				CLANG_CXX_LIBRARY = "libc++";
				CLANG_ENABLE_MODULES = YES;
				CLANG_ENABLE_OBJC_ARC = YES;
				CLANG_ENABLE_OBJC_WEAK = YES;
				CLANG_WARN_BLOCK_CAPTURE_AUTORELEASING = YES;
				CLANG_WARN_BOOL_CONVERSION = YES;
				CLANG_WARN_COMMA = YES;
				CLANG_WARN_CONSTANT_CONVERSION = YES;
				CLANG_WARN_DEPRECATED_OBJC_IMPLEMENTATIONS = YES;
				CLANG_WARN_DIRECT_OBJC_ISA_USAGE = YES_ERROR;
				CLANG_WARN_DOCUMENTATION_COMMENTS = YES;
				CLANG_WARN_EMPTY_BODY = YES;
				CLANG_WARN_ENUM_CONVERSION = YES;
				CLANG_WARN_INFINITE_RECURSION = YES;
				CLANG_WARN_INT_CONVERSION = YES;
				CLANG_WARN_NON_LITERAL_NULL_CONVERSION = YES;
				CLANG_WARN_OBJC_IMPLICIT_RETAIN_SELF = YES;
				CLANG_WARN_OBJC_LITERAL_CONVERSION = YES;
				CLANG_WARN_OBJC_ROOT_CLASS = YES_ERROR;
				CLANG_WARN_QUOTED_INCLUDE_IN_FRAMEWORK_HEADER = YES;
				CLANG_WARN_RANGE_LOOP_ANALYSIS = YES;
				CLANG_WARN_STRICT_PROTOTYPES = YES;
				CLANG_WARN_SUSPICIOUS_MOVE = YES;
				CLANG_WARN_UNGUARDED_AVAILABILITY = YES_AGGRESSIVE;
				CLANG_WARN_UNREACHABLE_CODE = YES;
				CLANG_WARN__DUPLICATE_METHOD_MATCH = YES;
				COPY_PHASE_STRIP = NO;
				DEBUG_INFORMATION_FORMAT = "dwarf-with-dsym";
				ENABLE_NS_ASSERTIONS = NO;
				ENABLE_STRICT_OBJC_MSGSEND = YES;
				GCC_C_LANGUAGE_STANDARD = gnu11;
				GCC_NO_COMMON_BLOCKS = YES;
				GCC_WARN_64_TO_32_BIT_CONVERSION = YES;
				GCC_WARN_ABOUT_RETURN_TYPE = YES_ERROR;
				GCC_WARN_UNDECLARED_SELECTOR = YES;
				GCC_WARN_UNINITIALIZED_AUTOS = YES_AGGRESSIVE;
				GCC_WARN_UNUSED_FUNCTION = YES;
				GCC_WARN_UNUSED_VARIABLE = YES;
				IPHONEOS_DEPLOYMENT_TARGET = 15.2;
				MTL_ENABLE_DEBUG_INFO = NO;
				MTL_FAST_MATH = YES;
				SDKROOT = iphoneos;
				SWIFT_COMPILATION_MODE = wholemodule;
				SWIFT_OPTIMIZATION_LEVEL = "-O";
				VALIDATE_PRODUCT = YES;
			};
			name = Release;
		};
		3D559BDD2DB2BF5500CFDFBD /* Debug */ = {
			isa = XCBuildConfiguration;
			buildSettings = {
				ASSETCATALOG_COMPILER_APPICON_NAME = AppIcon;
				ASSETCATALOG_COMPILER_GLOBAL_ACCENT_COLOR_NAME = AccentColor;
				CODE_SIGN_STYLE = Automatic;
				CURRENT_PROJECT_VERSION = 1;
				DEVELOPMENT_TEAM = 24CMM4XT5Y;
				GENERATE_INFOPLIST_FILE = YES;
				INFOPLIST_FILE = ToDoListVIPER/Info.plist;
				INFOPLIST_KEY_UIApplicationSupportsIndirectInputEvents = YES;
				INFOPLIST_KEY_UILaunchStoryboardName = LaunchScreen;
				INFOPLIST_KEY_UISupportedInterfaceOrientations_iPad = "UIInterfaceOrientationPortrait UIInterfaceOrientationPortraitUpsideDown UIInterfaceOrientationLandscapeLeft UIInterfaceOrientationLandscapeRight";
				INFOPLIST_KEY_UISupportedInterfaceOrientations_iPhone = "UIInterfaceOrientationPortrait UIInterfaceOrientationLandscapeLeft UIInterfaceOrientationLandscapeRight";
				LD_RUNPATH_SEARCH_PATHS = (
					"$(inherited)",
					"@executable_path/Frameworks",
				);
				MARKETING_VERSION = 1.0;
				PRODUCT_BUNDLE_IDENTIFIER = lucask84ever.com.ToDoListVIPER;
				PRODUCT_NAME = "$(TARGET_NAME)";
				SWIFT_EMIT_LOC_STRINGS = YES;
				SWIFT_VERSION = 5.0;
				TARGETED_DEVICE_FAMILY = "1,2";
			};
			name = Debug;
		};
		3D559BDE2DB2BF5500CFDFBD /* Release */ = {
			isa = XCBuildConfiguration;
			buildSettings = {
				ASSETCATALOG_COMPILER_APPICON_NAME = AppIcon;
				ASSETCATALOG_COMPILER_GLOBAL_ACCENT_COLOR_NAME = AccentColor;
				CODE_SIGN_STYLE = Automatic;
				CURRENT_PROJECT_VERSION = 1;
				DEVELOPMENT_TEAM = 24CMM4XT5Y;
				GENERATE_INFOPLIST_FILE = YES;
				INFOPLIST_FILE = ToDoListVIPER/Info.plist;
				INFOPLIST_KEY_UIApplicationSupportsIndirectInputEvents = YES;
				INFOPLIST_KEY_UILaunchStoryboardName = LaunchScreen;
				INFOPLIST_KEY_UISupportedInterfaceOrientations_iPad = "UIInterfaceOrientationPortrait UIInterfaceOrientationPortraitUpsideDown UIInterfaceOrientationLandscapeLeft UIInterfaceOrientationLandscapeRight";
				INFOPLIST_KEY_UISupportedInterfaceOrientations_iPhone = "UIInterfaceOrientationPortrait UIInterfaceOrientationLandscapeLeft UIInterfaceOrientationLandscapeRight";
				LD_RUNPATH_SEARCH_PATHS = (
					"$(inherited)",
					"@executable_path/Frameworks",
				);
				MARKETING_VERSION = 1.0;
				PRODUCT_BUNDLE_IDENTIFIER = lucask84ever.com.ToDoListVIPER;
				PRODUCT_NAME = "$(TARGET_NAME)";
				SWIFT_EMIT_LOC_STRINGS = YES;
				SWIFT_VERSION = 5.0;
				TARGETED_DEVICE_FAMILY = "1,2";
			};
			name = Release;
		};
/* End XCBuildConfiguration section */

/* Begin XCConfigurationList section */
		3D559BC32DB2BF5200CFDFBD /* Build configuration list for PBXProject "ToDoListVIPER" */ = {
			isa = XCConfigurationList;
			buildConfigurations = (
				3D559BDA2DB2BF5500CFDFBD /* Debug */,
				3D559BDB2DB2BF5500CFDFBD /* Release */,
			);
			defaultConfigurationIsVisible = 0;
			defaultConfigurationName = Release;
		};
		3D559BDC2DB2BF5500CFDFBD /* Build configuration list for PBXNativeTarget "ToDoListVIPER" */ = {
			isa = XCConfigurationList;
			buildConfigurations = (
				3D559BDD2DB2BF5500CFDFBD /* Debug */,
				3D559BDE2DB2BF5500CFDFBD /* Release */,
			);
			defaultConfigurationIsVisible = 0;
			defaultConfigurationName = Release;
		};
/* End XCConfigurationList section */

/* Begin XCRemoteSwiftPackageReference section */
		3D559BF52DB2CE1300CFDFBD /* XCRemoteSwiftPackageReference "SnapKit" */ = {
			isa = XCRemoteSwiftPackageReference;
			repositoryURL = "https://github.com/SnapKit/SnapKit.git";
			requirement = {
				kind = upToNextMajorVersion;
				minimumVersion = 5.0.0;
			};
		};
/* End XCRemoteSwiftPackageReference section */

/* Begin XCSwiftPackageProductDependency section */
		3D559BF62DB2CE1300CFDFBD /* SnapKit */ = {
			isa = XCSwiftPackageProductDependency;
			package = 3D559BF52DB2CE1300CFDFBD /* XCRemoteSwiftPackageReference "SnapKit" */;
			productName = SnapKit;
		};
/* End XCSwiftPackageProductDependency section */

/* Begin XCVersionGroup section */
		3D7342E12DB73567005BF243 /* TaskCoreData.xcdatamodeld */ = {
			isa = XCVersionGroup;
			children = (
				3D7342E22DB73567005BF243 /* TaskEntity.xcdatamodel */,
			);
			currentVersion = 3D7342E22DB73567005BF243 /* TaskEntity.xcdatamodel */;
			path = TaskCoreData.xcdatamodeld;
			sourceTree = "<group>";
			versionGroupType = wrapper.xcdatamodel;
		};
/* End XCVersionGroup section */
	};
	rootObject = 3D559BC02DB2BF5200CFDFBD /* Project object */;
}
